
Microsoft Visual Studio Solution File, Format Version 12.00
# Visual Studio 15
VisualStudioVersion = 15.0.27703.2026
MinimumVisualStudioVersion = 10.0.40219.1
Project("{FAE04EC0-301F-11D3-BF4B-00C04F79EFBC}") = "PuppySmileApp", "PuppySmileApp\PuppySmileApp.csproj", "{885CEC1B-4C02-413A-88DD-C36F02AB6401}"
EndProject
Global
	GlobalSection(SolutionConfigurationPlatforms) = preSolution
		Debug|Any CPU = Debug|Any CPU
		Release|Any CPU = Release|Any CPU
	EndGlobalSection
	GlobalSection(ProjectConfigurationPlatforms) = postSolution
		{885CEC1B-4C02-413A-88DD-C36F02AB6401}.Debug|Any CPU.ActiveCfg = Debug|Any CPU
		{885CEC1B-4C02-413A-88DD-C36F02AB6401}.Debug|Any CPU.Build.0 = Debug|Any CPU
		{885CEC1B-4C02-413A-88DD-C36F02AB6401}.Release|Any CPU.ActiveCfg = Release|Any CPU
		{885CEC1B-4C02-413A-88DD-C36F02AB6401}.Release|Any CPU.Build.0 = Release|Any CPU
	EndGlobalSection
	GlobalSection(SolutionProperties) = preSolution
		HideSolutionNode = FALSE
	EndGlobalSection
	GlobalSection(ExtensibilityGlobals) = postSolution
		SolutionGuid = {1D599459-E81E-4DB3-A1E3-30765E981C6E}
	EndGlobalSection
EndGlobal
